
Microsoft Visual Studio Solution File, Format Version 12.00
# Visual Studio 15
VisualStudioVersion = 15.0.28010.2016
MinimumVisualStudioVersion = 10.0.40219.1
Project("{9A19103F-16F7-4668-BE54-9A1E7A4F7556}") = "IEXSample", "src\Sample\IEXSample\IEXSample.csproj", "{71AED672-DCE1-4979-80B2-94324EEFFFAB}"
EndProject
Project("{2150E333-8FDC-42A3-9474-1A3956D46DE8}") = "Solution Items", "Solution Items", "{3A08DEF0-F72E-48D2-A447-26C8184A98D7}"
	ProjectSection(SolutionItems) = preProject
		README.md = README.md
	EndProjectSection
EndProject
Project("{9A19103F-16F7-4668-BE54-9A1E7A4F7556}") = "IEXAPI", "src\api\IEXAPI.csproj", "{76235C12-B868-43E3-877E-8B9C800F183D}"
EndProject
Project("{9A19103F-16F7-4668-BE54-9A1E7A4F7556}") = "IEXAPI.Tests", "src\tests\IEXAPI.Tests.csproj", "{094C2328-32EB-4D41-8F9E-04ED45D8692A}"
EndProject
Global
	GlobalSection(SolutionConfigurationPlatforms) = preSolution
		Debug|Any CPU = Debug|Any CPU
		Release|Any CPU = Release|Any CPU
	EndGlobalSection
	GlobalSection(ProjectConfigurationPlatforms) = postSolution
		{71AED672-DCE1-4979-80B2-94324EEFFFAB}.Debug|Any CPU.ActiveCfg = Debug|Any CPU
		{71AED672-DCE1-4979-80B2-94324EEFFFAB}.Debug|Any CPU.Build.0 = Debug|Any CPU
		{71AED672-DCE1-4979-80B2-94324EEFFFAB}.Release|Any CPU.ActiveCfg = Release|Any CPU
		{71AED672-DCE1-4979-80B2-94324EEFFFAB}.Release|Any CPU.Build.0 = Release|Any CPU
		{76235C12-B868-43E3-877E-8B9C800F183D}.Debug|Any CPU.ActiveCfg = Debug|Any CPU
		{76235C12-B868-43E3-877E-8B9C800F183D}.Debug|Any CPU.Build.0 = Debug|Any CPU
		{76235C12-B868-43E3-877E-8B9C800F183D}.Release|Any CPU.ActiveCfg = Release|Any CPU
		{76235C12-B868-43E3-877E-8B9C800F183D}.Release|Any CPU.Build.0 = Release|Any CPU
		{094C2328-32EB-4D41-8F9E-04ED45D8692A}.Debug|Any CPU.ActiveCfg = Debug|Any CPU
		{094C2328-32EB-4D41-8F9E-04ED45D8692A}.Debug|Any CPU.Build.0 = Debug|Any CPU
		{094C2328-32EB-4D41-8F9E-04ED45D8692A}.Release|Any CPU.ActiveCfg = Release|Any CPU
		{094C2328-32EB-4D41-8F9E-04ED45D8692A}.Release|Any CPU.Build.0 = Release|Any CPU
	EndGlobalSection
	GlobalSection(SolutionProperties) = preSolution
		HideSolutionNode = FALSE
	EndGlobalSection
	GlobalSection(ExtensibilityGlobals) = postSolution
		SolutionGuid = {65FAA82A-0B1E-4465-B57A-B68CD3532EF2}
	EndGlobalSection
EndGlobal
