
Microsoft Visual Studio Solution File, Format Version 12.00
# Visual Studio 15
VisualStudioVersion = 15.0.28010.2016
MinimumVisualStudioVersion = 10.0.40219.1
Project("{9A19103F-16F7-4668-BE54-9A1E7A4F7556}") = "IEXAPI", "src\IEXAPI\IEXAPI.csproj", "{384FFF83-839E-4FEB-BBC0-895CE80F3E98}"
EndProject
Project("{9A19103F-16F7-4668-BE54-9A1E7A4F7556}") = "IEXSample", "src\Sample\IEXSample\IEXSample.csproj", "{71AED672-DCE1-4979-80B2-94324EEFFFAB}"
EndProject
Global
	GlobalSection(SolutionConfigurationPlatforms) = preSolution
		Debug|Any CPU = Debug|Any CPU
		Release|Any CPU = Release|Any CPU
	EndGlobalSection
	GlobalSection(ProjectConfigurationPlatforms) = postSolution
		{384FFF83-839E-4FEB-BBC0-895CE80F3E98}.Debug|Any CPU.ActiveCfg = Debug|Any CPU
		{384FFF83-839E-4FEB-BBC0-895CE80F3E98}.Debug|Any CPU.Build.0 = Debug|Any CPU
		{384FFF83-839E-4FEB-BBC0-895CE80F3E98}.Release|Any CPU.ActiveCfg = Release|Any CPU
		{384FFF83-839E-4FEB-BBC0-895CE80F3E98}.Release|Any CPU.Build.0 = Release|Any CPU
		{71AED672-DCE1-4979-80B2-94324EEFFFAB}.Debug|Any CPU.ActiveCfg = Debug|Any CPU
		{71AED672-DCE1-4979-80B2-94324EEFFFAB}.Debug|Any CPU.Build.0 = Debug|Any CPU
		{71AED672-DCE1-4979-80B2-94324EEFFFAB}.Release|Any CPU.ActiveCfg = Release|Any CPU
		{71AED672-DCE1-4979-80B2-94324EEFFFAB}.Release|Any CPU.Build.0 = Release|Any CPU
	EndGlobalSection
	GlobalSection(SolutionProperties) = preSolution
		HideSolutionNode = FALSE
	EndGlobalSection
	GlobalSection(ExtensibilityGlobals) = postSolution
		SolutionGuid = {65FAA82A-0B1E-4465-B57A-B68CD3532EF2}
	EndGlobalSection
EndGlobal
