
Microsoft Visual Studio Solution File, Format Version 12.00
# Visual Studio 15
VisualStudioVersion = 15.0.28010.2016
MinimumVisualStudioVersion = 10.0.40219.1
Project("{9A19103F-16F7-4668-BE54-9A1E7A4F7556}") = "IEXAPI", "IEXAPI\IEXAPI.csproj", "{AC112A1F-A4D8-4BB2-A194-CAD99E23C20C}"
EndProject
Project("{FAE04EC0-301F-11D3-BF4B-00C04F79EFBC}") = "IEXSample", "Sample\IEXSample\IEXSample.csproj", "{5F5D49C3-F8F0-41DD-ABF8-312BB7DF2AC0}"
EndProject
Global
	GlobalSection(SolutionConfigurationPlatforms) = preSolution
		Debug|Any CPU = Debug|Any CPU
		Release|Any CPU = Release|Any CPU
	EndGlobalSection
	GlobalSection(ProjectConfigurationPlatforms) = postSolution
		{AC112A1F-A4D8-4BB2-A194-CAD99E23C20C}.Debug|Any CPU.ActiveCfg = Debug|Any CPU
		{AC112A1F-A4D8-4BB2-A194-CAD99E23C20C}.Debug|Any CPU.Build.0 = Debug|Any CPU
		{AC112A1F-A4D8-4BB2-A194-CAD99E23C20C}.Release|Any CPU.ActiveCfg = Release|Any CPU
		{AC112A1F-A4D8-4BB2-A194-CAD99E23C20C}.Release|Any CPU.Build.0 = Release|Any CPU
		{5F5D49C3-F8F0-41DD-ABF8-312BB7DF2AC0}.Debug|Any CPU.ActiveCfg = Debug|Any CPU
		{5F5D49C3-F8F0-41DD-ABF8-312BB7DF2AC0}.Debug|Any CPU.Build.0 = Debug|Any CPU
		{5F5D49C3-F8F0-41DD-ABF8-312BB7DF2AC0}.Release|Any CPU.ActiveCfg = Release|Any CPU
		{5F5D49C3-F8F0-41DD-ABF8-312BB7DF2AC0}.Release|Any CPU.Build.0 = Release|Any CPU
	EndGlobalSection
	GlobalSection(SolutionProperties) = preSolution
		HideSolutionNode = FALSE
	EndGlobalSection
	GlobalSection(ExtensibilityGlobals) = postSolution
		SolutionGuid = {52708450-E868-48CD-AA46-A595451836C0}
	EndGlobalSection
EndGlobal
